
Microsoft Visual Studio Solution File, Format Version 12.00
# Visual Studio Version 17
VisualStudioVersion = 17.11.35312.102
MinimumVisualStudioVersion = 10.0.40219.1
Project("{888888A0-9F3D-457C-B088-3A5042F75D52}") = "1лаб.кросплат", "1лаб.кросплат\1лаб.кросплат.pyproj", "{F15353DE-C59E-4A9B-92BC-858D815D92C7}"
EndProject
Global
	GlobalSection(SolutionConfigurationPlatforms) = preSolution
		Debug|Any CPU = Debug|Any CPU
		Release|Any CPU = Release|Any CPU
	EndGlobalSection
	GlobalSection(ProjectConfigurationPlatforms) = postSolution
		{F15353DE-C59E-4A9B-92BC-858D815D92C7}.Debug|Any CPU.ActiveCfg = Debug|Any CPU
		{F15353DE-C59E-4A9B-92BC-858D815D92C7}.Release|Any CPU.ActiveCfg = Release|Any CPU
	EndGlobalSection
	GlobalSection(SolutionProperties) = preSolution
		HideSolutionNode = FALSE
	EndGlobalSection
	GlobalSection(ExtensibilityGlobals) = postSolution
		SolutionGuid = {62468B24-B5F0-4522-A30F-D1F9FE6329A1}
	EndGlobalSection
EndGlobal
